{
  "name": "oom",
  "version": "1.0.0",
  "lockfileVersion": 1,
  "requires": true,
  "dependencies": {
    "@assemblyscript/loader": {
      "version": "0.10.1",
      "resolved": "https://registry.npm.taobao.org/@assemblyscript/loader/download/@assemblyscript/loader-0.10.1.tgz",
      "integrity": "sha1-cORWePBscvouNQ6FU+xKTXK5LgY="
    },
    "base64-js": {
      "version": "1.5.1",
      "resolved": "https://registry.npm.taobao.org/base64-js/download/base64-js-1.5.1.tgz",
      "integrity": "sha1-GxtEAWClv3rUC2UPCVljSBkDkwo="
    },
    "eventemitter-asyncresource": {
      "version": "1.0.0",
      "resolved": "https://registry.npm.taobao.org/eventemitter-asyncresource/download/eventemitter-asyncresource-1.0.0.tgz",
      "integrity": "sha1-c0/y5Ev0SOYn93SPkF1r3Ve9tls="
    },
    "hdr-histogram-js": {
      "version": "2.0.1",
      "resolved": "https://registry.npm.taobao.org/hdr-histogram-js/download/hdr-histogram-js-2.0.1.tgz",
      "integrity": "sha1-7LH/K8thgcPpP/SvlHLCjH6XKE4=",
      "requires": {
        "@assemblyscript/loader": "^0.10.1",
        "base64-js": "^1.2.0",
        "pako": "^1.0.3"
      }
    },
    "hdr-histogram-percentiles-obj": {
      "version": "3.0.0",
      "resolved": "https://registry.npm.taobao.org/hdr-histogram-percentiles-obj/download/hdr-histogram-percentiles-obj-3.0.0.tgz",
      "integrity": "sha1-lAn03gwt2njmHeLZ14senzy6KDw="
    },
    "nice-napi": {
      "version": "1.0.2",
      "resolved": "https://registry.npm.taobao.org/nice-napi/download/nice-napi-1.0.2.tgz",
      "integrity": "sha1-3Aq1oerCDOVIgC/FaG6qa8ZUkns=",
      "optional": true,
      "requires": {
        "node-addon-api": "^3.0.0",
        "node-gyp-build": "^4.2.2"
      }
    },
    "node-addon-api": {
      "version": "3.1.0",
      "resolved": "https://registry.npm.taobao.org/node-addon-api/download/node-addon-api-3.1.0.tgz",
      "integrity": "sha1-mLIZMVV0ZsZynlHLd805yWX0Ijk=",
      "optional": true
    },
    "node-gyp-build": {
      "version": "4.2.3",
      "resolved": "https://registry.npm.taobao.org/node-gyp-build/download/node-gyp-build-4.2.3.tgz",
      "integrity": "sha1-zmJ3+FODX3GIKe+0fbIPPk2cRzk=",
      "optional": true
    },
    "pako": {
      "version": "1.0.11",
      "resolved": "https://registry.npm.taobao.org/pako/download/pako-1.0.11.tgz?cache=0&sync_timestamp=1610208924901&other_urls=https%3A%2F%2Fregistry.npm.taobao.org%2Fpako%2Fdownload%2Fpako-1.0.11.tgz",
      "integrity": "sha1-bJWZ00DVTf05RjgCUqNXBaa5kr8="
    },
    "pidusage": {
      "version": "2.0.21",
      "resolved": "https://registry.npm.taobao.org/pidusage/download/pidusage-2.0.21.tgz",
      "integrity": "sha1-cGiWez2VK66nPldmjJi56qh2iU4=",
      "requires": {
        "safe-buffer": "^5.2.1"
      }
    },
    "piscina": {
      "version": "2.1.0",
      "resolved": "https://registry.npm.taobao.org/piscina/download/piscina-2.1.0.tgz",
      "integrity": "sha1-lH2Tfg79Deeg6L8QNjwuBTxhlBM=",
      "requires": {
        "eventemitter-asyncresource": "^1.0.0",
        "hdr-histogram-js": "^2.0.1",
        "hdr-histogram-percentiles-obj": "^3.0.0",
        "nice-napi": "^1.0.2"
      }
    },
    "safe-buffer": {
      "version": "5.2.1",
      "resolved": "https://registry.npm.taobao.org/safe-buffer/download/safe-buffer-5.2.1.tgz?cache=0&sync_timestamp=1589129010497&other_urls=https%3A%2F%2Fregistry.npm.taobao.org%2Fsafe-buffer%2Fdownload%2Fsafe-buffer-5.2.1.tgz",
      "integrity": "sha1-Hq+fqb2x/dTsdfWPnNtOa3gn7sY="
    }
  }
}
